
Microsoft Visual Studio Solution File, Format Version 12.00
# Visual Studio 2012
Project("{FAE04EC0-301F-11D3-BF4B-00C04F79EFBC}") = "clrh81", "clrh81\clrh81.csproj", "{AB47B10C-B4D3-46D4-85B3-3FF22A5E025A}"
EndProject
Global
	GlobalSection(SolutionConfigurationPlatforms) = preSolution
		Debug|Any CPU = Debug|Any CPU
		Release|Any CPU = Release|Any CPU
	EndGlobalSection
	GlobalSection(ProjectConfigurationPlatforms) = postSolution
		{AB47B10C-B4D3-46D4-85B3-3FF22A5E025A}.Debug|Any CPU.ActiveCfg = Debug|Any CPU
		{AB47B10C-B4D3-46D4-85B3-3FF22A5E025A}.Debug|Any CPU.Build.0 = Debug|Any CPU
		{AB47B10C-B4D3-46D4-85B3-3FF22A5E025A}.Release|Any CPU.ActiveCfg = Release|Any CPU
		{AB47B10C-B4D3-46D4-85B3-3FF22A5E025A}.Release|Any CPU.Build.0 = Release|Any CPU
	EndGlobalSection
	GlobalSection(SolutionProperties) = preSolution
		HideSolutionNode = FALSE
	EndGlobalSection
EndGlobal
